// !$*UTF8*$!
{
	archiveVersion = 1;
	classes = {
	};
	objectVersion = 56;
	objects = {

/* Begin PBXBuildFile section */
		88AAFE1A2CA6EBB8008C1D9A /* Final_Grade_CalculatorApp.swift in Sources */ = {isa = PBXBuildFile; fileRef = 88AAFE192CA6EBB8008C1D9A /* Final_Grade_CalculatorApp.swift */; };
		88AAFE1C2CA6EBB8008C1D9A /* ContentView.swift in Sources */ = {isa = PBXBuildFile; fileRef = 88AAFE1B2CA6EBB8008C1D9A /* ContentView.swift */; };
		88AAFE1E2CA6EBBC008C1D9A /* Assets.xcassets in Resources */ = {isa = PBXBuildFile; fileRef = 88AAFE1D2CA6EBBC008C1D9A /* Assets.xcassets */; };
		88AAFE212CA6EBBC008C1D9A /* Preview Assets.xcassets in Resources */ = {isa = PBXBuildFile; fileRef = 88AAFE202CA6EBBC008C1D9A /* Preview Assets.xcassets */; };
		88AAFE2B2CA6EBBC008C1D9A /* Final_Grade_CalculatorTests.swift in Sources */ = {isa = PBXBuildFile; fileRef = 88AAFE2A2CA6EBBC008C1D9A /* Final_Grade_CalculatorTests.swift */; };
		88AAFE352CA6EBBC008C1D9A /* Final_Grade_CalculatorUITests.swift in Sources */ = {isa = PBXBuildFile; fileRef = 88AAFE342CA6EBBC008C1D9A /* Final_Grade_CalculatorUITests.swift */; };
		88AAFE372CA6EBBC008C1D9A /* Final_Grade_CalculatorUITestsLaunchTests.swift in Sources */ = {isa = PBXBuildFile; fileRef = 88AAFE362CA6EBBC008C1D9A /* Final_Grade_CalculatorUITestsLaunchTests.swift */; };
/* End PBXBuildFile section */

/* Begin PBXContainerItemProxy section */
		88AAFE272CA6EBBC008C1D9A /* PBXContainerItemProxy */ = {
			isa = PBXContainerItemProxy;
			containerPortal = 88AAFE0E2CA6EBB8008C1D9A /* Project object */;
			proxyType = 1;
			remoteGlobalIDString = 88AAFE152CA6EBB8008C1D9A;
			remoteInfo = "Final Grade Calculator";
		};
		88AAFE312CA6EBBC008C1D9A /* PBXContainerItemProxy */ = {
			isa = PBXContainerItemProxy;
			containerPortal = 88AAFE0E2CA6EBB8008C1D9A /* Project object */;
			proxyType = 1;
			remoteGlobalIDString = 88AAFE152CA6EBB8008C1D9A;
			remoteInfo = "Final Grade Calculator";
		};
/* End PBXContainerItemProxy section */

/* Begin PBXFileReference section */
		88AAFE162CA6EBB8008C1D9A /* Final Grade Calculator.app */ = {isa = PBXFileReference; explicitFileType = wrapper.application; includeInIndex = 0; path = "Final Grade Calculator.app"; sourceTree = BUILT_PRODUCTS_DIR; };
		88AAFE192CA6EBB8008C1D9A /* Final_Grade_CalculatorApp.swift */ = {isa = PBXFileReference; lastKnownFileType = sourcecode.swift; path = Final_Grade_CalculatorApp.swift; sourceTree = "<group>"; };
		88AAFE1B2CA6EBB8008C1D9A /* ContentView.swift */ = {isa = PBXFileReference; lastKnownFileType = sourcecode.swift; path = ContentView.swift; sourceTree = "<group>"; };
		88AAFE1D2CA6EBBC008C1D9A /* Assets.xcassets */ = {isa = PBXFileReference; lastKnownFileType = folder.assetcatalog; path = Assets.xcassets; sourceTree = "<group>"; };
		88AAFE202CA6EBBC008C1D9A /* Preview Assets.xcassets */ = {isa = PBXFileReference; lastKnownFileType = folder.assetcatalog; path = "Preview Assets.xcassets"; sourceTree = "<group>"; };
		88AAFE262CA6EBBC008C1D9A /* Final Grade CalculatorTests.xctest */ = {isa = PBXFileReference; explicitFileType = wrapper.cfbundle; includeInIndex = 0; path = "Final Grade CalculatorTests.xctest"; sourceTree = BUILT_PRODUCTS_DIR; };
		88AAFE2A2CA6EBBC008C1D9A /* Final_Grade_CalculatorTests.swift */ = {isa = PBXFileReference; lastKnownFileType = sourcecode.swift; path = Final_Grade_CalculatorTests.swift; sourceTree = "<group>"; };
		88AAFE302CA6EBBC008C1D9A /* Final Grade CalculatorUITests.xctest */ = {isa = PBXFileReference; explicitFileType = wrapper.cfbundle; includeInIndex = 0; path = "Final Grade CalculatorUITests.xctest"; sourceTree = BUILT_PRODUCTS_DIR; };
		88AAFE342CA6EBBC008C1D9A /* Final_Grade_CalculatorUITests.swift */ = {isa = PBXFileReference; lastKnownFileType = sourcecode.swift; path = Final_Grade_CalculatorUITests.swift; sourceTree = "<group>"; };
		88AAFE362CA6EBBC008C1D9A /* Final_Grade_CalculatorUITestsLaunchTests.swift */ = {isa = PBXFileReference; lastKnownFileType = sourcecode.swift; path = Final_Grade_CalculatorUITestsLaunchTests.swift; sourceTree = "<group>"; };
/* End PBXFileReference section */

/* Begin PBXFrameworksBuildPhase section */
		88AAFE132CA6EBB8008C1D9A /* Frameworks */ = {
			isa = PBXFrameworksBuildPhase;
			buildActionMask = 2147483647;
			files = (
			);
			runOnlyForDeploymentPostprocessing = 0;
		};
		88AAFE232CA6EBBC008C1D9A /* Frameworks */ = {
			isa = PBXFrameworksBuildPhase;
			buildActionMask = 2147483647;
			files = (
			);
			runOnlyForDeploymentPostprocessing = 0;
		};
		88AAFE2D2CA6EBBC008C1D9A /* Frameworks */ = {
			isa = PBXFrameworksBuildPhase;
			buildActionMask = 2147483647;
			files = (
			);
			runOnlyForDeploymentPostprocessing = 0;
		};
/* End PBXFrameworksBuildPhase section */

/* Begin PBXGroup section */
		88AAFE0D2CA6EBB8008C1D9A = {
			isa = PBXGroup;
			children = (
				88AAFE182CA6EBB8008C1D9A /* Final Grade Calculator */,
				88AAFE292CA6EBBC008C1D9A /* Final Grade CalculatorTests */,
				88AAFE332CA6EBBC008C1D9A /* Final Grade CalculatorUITests */,
				88AAFE172CA6EBB8008C1D9A /* Products */,
			);
			sourceTree = "<group>";
		};
		88AAFE172CA6EBB8008C1D9A /* Products */ = {
			isa = PBXGroup;
			children = (
				88AAFE162CA6EBB8008C1D9A /* Final Grade Calculator.app */,
				88AAFE262CA6EBBC008C1D9A /* Final Grade CalculatorTests.xctest */,
				88AAFE302CA6EBBC008C1D9A /* Final Grade CalculatorUITests.xctest */,
			);
			name = Products;
			sourceTree = "<group>";
		};
		88AAFE182CA6EBB8008C1D9A /* Final Grade Calculator */ = {
			isa = PBXGroup;
			children = (
				88AAFE192CA6EBB8008C1D9A /* Final_Grade_CalculatorApp.swift */,
				88AAFE1B2CA6EBB8008C1D9A /* ContentView.swift */,
				88AAFE1D2CA6EBBC008C1D9A /* Assets.xcassets */,
				88AAFE1F2CA6EBBC008C1D9A /* Preview Content */,
			);
			path = "Final Grade Calculator";
			sourceTree = "<group>";
		};
		88AAFE1F2CA6EBBC008C1D9A /* Preview Content */ = {
			isa = PBXGroup;
			children = (
				88AAFE202CA6EBBC008C1D9A /* Preview Assets.xcassets */,
			);
			path = "Preview Content";
			sourceTree = "<group>";
		};
		88AAFE292CA6EBBC008C1D9A /* Final Grade CalculatorTests */ = {
			isa = PBXGroup;
			children = (
				88AAFE2A2CA6EBBC008C1D9A /* Final_Grade_CalculatorTests.swift */,
			);
			path = "Final Grade CalculatorTests";
			sourceTree = "<group>";
		};
		88AAFE332CA6EBBC008C1D9A /* Final Grade CalculatorUITests */ = {
			isa = PBXGroup;
			children = (
				88AAFE342CA6EBBC008C1D9A /* Final_Grade_CalculatorUITests.swift */,
				88AAFE362CA6EBBC008C1D9A /* Final_Grade_CalculatorUITestsLaunchTests.swift */,
			);
			path = "Final Grade CalculatorUITests";
			sourceTree = "<group>";
		};
/* End PBXGroup section */

/* Begin PBXNativeTarget section */
		88AAFE152CA6EBB8008C1D9A /* Final Grade Calculator */ = {
			isa = PBXNativeTarget;
			buildConfigurationList = 88AAFE3A2CA6EBBC008C1D9A /* Build configuration list for PBXNativeTarget "Final Grade Calculator" */;
			buildPhases = (
				88AAFE122CA6EBB8008C1D9A /* Sources */,
				88AAFE132CA6EBB8008C1D9A /* Frameworks */,
				88AAFE142CA6EBB8008C1D9A /* Resources */,
			);
			buildRules = (
			);
			dependencies = (
			);
			name = "Final Grade Calculator";
			productName = "Final Grade Calculator";
			productReference = 88AAFE162CA6EBB8008C1D9A /* Final Grade Calculator.app */;
			productType = "com.apple.product-type.application";
		};
		88AAFE252CA6EBBC008C1D9A /* Final Grade CalculatorTests */ = {
			isa = PBXNativeTarget;
			buildConfigurationList = 88AAFE3D2CA6EBBC008C1D9A /* Build configuration list for PBXNativeTarget "Final Grade CalculatorTests" */;
			buildPhases = (
				88AAFE222CA6EBBC008C1D9A /* Sources */,
				88AAFE232CA6EBBC008C1D9A /* Frameworks */,
				88AAFE242CA6EBBC008C1D9A /* Resources */,
			);
			buildRules = (
			);
			dependencies = (
				88AAFE282CA6EBBC008C1D9A /* PBXTargetDependency */,
			);
			name = "Final Grade CalculatorTests";
			productName = "Final Grade CalculatorTests";
			productReference = 88AAFE262CA6EBBC008C1D9A /* Final Grade CalculatorTests.xctest */;
			productType = "com.apple.product-type.bundle.unit-test";
		};
		88AAFE2F2CA6EBBC008C1D9A /* Final Grade CalculatorUITests */ = {
			isa = PBXNativeTarget;
			buildConfigurationList = 88AAFE402CA6EBBC008C1D9A /* Build configuration list for PBXNativeTarget "Final Grade CalculatorUITests" */;
			buildPhases = (
				88AAFE2C2CA6EBBC008C1D9A /* Sources */,
				88AAFE2D2CA6EBBC008C1D9A /* Frameworks */,
				88AAFE2E2CA6EBBC008C1D9A /* Resources */,
			);
			buildRules = (
			);
			dependencies = (
				88AAFE322CA6EBBC008C1D9A /* PBXTargetDependency */,
			);
			name = "Final Grade CalculatorUITests";
			productName = "Final Grade CalculatorUITests";
			productReference = 88AAFE302CA6EBBC008C1D9A /* Final Grade CalculatorUITests.xctest */;
			productType = "com.apple.product-type.bundle.ui-testing";
		};
/* End PBXNativeTarget section */

/* Begin PBXProject section */
		88AAFE0E2CA6EBB8008C1D9A /* Project object */ = {
			isa = PBXProject;
			attributes = {
				BuildIndependentTargetsInParallel = 1;
				LastSwiftUpdateCheck = 1540;
				LastUpgradeCheck = 1540;
				TargetAttributes = {
					88AAFE152CA6EBB8008C1D9A = {
						CreatedOnToolsVersion = 15.4;
					};
					88AAFE252CA6EBBC008C1D9A = {
						CreatedOnToolsVersion = 15.4;
						TestTargetID = 88AAFE152CA6EBB8008C1D9A;
					};
					88AAFE2F2CA6EBBC008C1D9A = {
						CreatedOnToolsVersion = 15.4;
						TestTargetID = 88AAFE152CA6EBB8008C1D9A;
					};
				};
			};
			buildConfigurationList = 88AAFE112CA6EBB8008C1D9A /* Build configuration list for PBXProject "Final Grade Calculator" */;
			compatibilityVersion = "Xcode 14.0";
			developmentRegion = en;
			hasScannedForEncodings = 0;
			knownRegions = (
				en,
				Base,
			);
			mainGroup = 88AAFE0D2CA6EBB8008C1D9A;
			productRefGroup = 88AAFE172CA6EBB8008C1D9A /* Products */;
			projectDirPath = "";
			projectRoot = "";
			targets = (
				88AAFE152CA6EBB8008C1D9A /* Final Grade Calculator */,
				88AAFE252CA6EBBC008C1D9A /* Final Grade CalculatorTests */,
				88AAFE2F2CA6EBBC008C1D9A /* Final Grade CalculatorUITests */,
			);
		};
/* End PBXProject section */

/* Begin PBXResourcesBuildPhase section */
		88AAFE142CA6EBB8008C1D9A /* Resources */ = {
			isa = PBXResourcesBuildPhase;
			buildActionMask = 2147483647;
			files = (
				88AAFE212CA6EBBC008C1D9A /* Preview Assets.xcassets in Resources */,
				88AAFE1E2CA6EBBC008C1D9A /* Assets.xcassets in Resources */,
			);
			runOnlyForDeploymentPostprocessing = 0;
		};
		88AAFE242CA6EBBC008C1D9A /* Resources */ = {
			isa = PBXResourcesBuildPhase;
			buildActionMask = 2147483647;
			files = (
			);
			runOnlyForDeploymentPostprocessing = 0;
		};
		88AAFE2E2CA6EBBC008C1D9A /* Resources */ = {
			isa = PBXResourcesBuildPhase;
			buildActionMask = 2147483647;
			files = (
			);
			runOnlyForDeploymentPostprocessing = 0;
		};
/* End PBXResourcesBuildPhase section */

/* Begin PBXSourcesBuildPhase section */
		88AAFE122CA6EBB8008C1D9A /* Sources */ = {
			isa = PBXSourcesBuildPhase;
			buildActionMask = 2147483647;
			files = (
				88AAFE1C2CA6EBB8008C1D9A /* ContentView.swift in Sources */,
				88AAFE1A2CA6EBB8008C1D9A /* Final_Grade_CalculatorApp.swift in Sources */,
			);
			runOnlyForDeploymentPostprocessing = 0;
		};
		88AAFE222CA6EBBC008C1D9A /* Sources */ = {
			isa = PBXSourcesBuildPhase;
			buildActionMask = 2147483647;
			files = (
				88AAFE2B2CA6EBBC008C1D9A /* Final_Grade_CalculatorTests.swift in Sources */,
			);
			runOnlyForDeploymentPostprocessing = 0;
		};
		88AAFE2C2CA6EBBC008C1D9A /* Sources */ = {
			isa = PBXSourcesBuildPhase;
			buildActionMask = 2147483647;
			files = (
				88AAFE352CA6EBBC008C1D9A /* Final_Grade_CalculatorUITests.swift in Sources */,
				88AAFE372CA6EBBC008C1D9A /* Final_Grade_CalculatorUITestsLaunchTests.swift in Sources */,
			);
			runOnlyForDeploymentPostprocessing = 0;
		};
/* End PBXSourcesBuildPhase section */

/* Begin PBXTargetDependency section */
		88AAFE282CA6EBBC008C1D9A /* PBXTargetDependency */ = {
			isa = PBXTargetDependency;
			target = 88AAFE152CA6EBB8008C1D9A /* Final Grade Calculator */;
			targetProxy = 88AAFE272CA6EBBC008C1D9A /* PBXContainerItemProxy */;
		};
		88AAFE322CA6EBBC008C1D9A /* PBXTargetDependency */ = {
			isa = PBXTargetDependency;
			target = 88AAFE152CA6EBB8008C1D9A /* Final Grade Calculator */;
			targetProxy = 88AAFE312CA6EBBC008C1D9A /* PBXContainerItemProxy */;
		};
/* End PBXTargetDependency section */

/* Begin XCBuildConfiguration section */
		88AAFE382CA6EBBC008C1D9A /* Debug */ = {
			isa = XCBuildConfiguration;
			buildSettings = {
				ALWAYS_SEARCH_USER_PATHS = NO;
				ASSETCATALOG_COMPILER_GENERATE_SWIFT_ASSET_SYMBOL_EXTENSIONS = YES;
				CLANG_ANALYZER_NONNULL = YES;
				CLANG_ANALYZER_NUMBER_OBJECT_CONVERSION = YES_AGGRESSIVE;
				CLANG_CXX_LANGUAGE_STANDARD = "gnu++20";
				CLANG_ENABLE_MODULES = YES;
				CLANG_ENABLE_OBJC_ARC = YES;
				CLANG_ENABLE_OBJC_WEAK = YES;
				CLANG_WARN_BLOCK_CAPTURE_AUTORELEASING = YES;
				CLANG_WARN_BOOL_CONVERSION = YES;
				CLANG_WARN_COMMA = YES;
				CLANG_WARN_CONSTANT_CONVERSION = YES;
				CLANG_WARN_DEPRECATED_OBJC_IMPLEMENTATIONS = YES;
				CLANG_WARN_DIRECT_OBJC_ISA_USAGE = YES_ERROR;
				CLANG_WARN_DOCUMENTATION_COMMENTS = YES;
				CLANG_WARN_EMPTY_BODY = YES;
				CLANG_WARN_ENUM_CONVERSION = YES;
				CLANG_WARN_INFINITE_RECURSION = YES;
				CLANG_WARN_INT_CONVERSION = YES;
				CLANG_WARN_NON_LITERAL_NULL_CONVERSION = YES;
				CLANG_WARN_OBJC_IMPLICIT_RETAIN_SELF = YES;
				CLANG_WARN_OBJC_LITERAL_CONVERSION = YES;
				CLANG_WARN_OBJC_ROOT_CLASS = YES_ERROR;
				CLANG_WARN_QUOTED_INCLUDE_IN_FRAMEWORK_HEADER = YES;
				CLANG_WARN_RANGE_LOOP_ANALYSIS = YES;
				CLANG_WARN_STRICT_PROTOTYPES = YES;
				CLANG_WARN_SUSPICIOUS_MOVE = YES;
				CLANG_WARN_UNGUARDED_AVAILABILITY = YES_AGGRESSIVE;
				CLANG_WARN_UNREACHABLE_CODE = YES;
				CLANG_WARN__DUPLICATE_METHOD_MATCH = YES;
				COPY_PHASE_STRIP = NO;
				DEBUG_INFORMATION_FORMAT = dwarf;
				ENABLE_STRICT_OBJC_MSGSEND = YES;
				ENABLE_TESTABILITY = YES;
				ENABLE_USER_SCRIPT_SANDBOXING = YES;
				GCC_C_LANGUAGE_STANDARD = gnu17;
				GCC_DYNAMIC_NO_PIC = NO;
				GCC_NO_COMMON_BLOCKS = YES;
				GCC_OPTIMIZATION_LEVEL = 0;
				GCC_PREPROCESSOR_DEFINITIONS = (
					"DEBUG=1",
					"$(inherited)",
				);
				GCC_WARN_64_TO_32_BIT_CONVERSION = YES;
				GCC_WARN_ABOUT_RETURN_TYPE = YES_ERROR;
				GCC_WARN_UNDECLARED_SELECTOR = YES;
				GCC_WARN_UNINITIALIZED_AUTOS = YES_AGGRESSIVE;
				GCC_WARN_UNUSED_FUNCTION = YES;
				GCC_WARN_UNUSED_VARIABLE = YES;
				IPHONEOS_DEPLOYMENT_TARGET = 17.5;
				LOCALIZATION_PREFERS_STRING_CATALOGS = YES;
				MTL_ENABLE_DEBUG_INFO = INCLUDE_SOURCE;
				MTL_FAST_MATH = YES;
				ONLY_ACTIVE_ARCH = YES;
				SDKROOT = iphoneos;
				SWIFT_ACTIVE_COMPILATION_CONDITIONS = "DEBUG $(inherited)";
				SWIFT_OPTIMIZATION_LEVEL = "-Onone";
			};
			name = Debug;
		};
		88AAFE392CA6EBBC008C1D9A /* Release */ = {
			isa = XCBuildConfiguration;
			buildSettings = {
				ALWAYS_SEARCH_USER_PATHS = NO;
				ASSETCATALOG_COMPILER_GENERATE_SWIFT_ASSET_SYMBOL_EXTENSIONS = YES;
				CLANG_ANALYZER_NONNULL = YES;
				CLANG_ANALYZER_NUMBER_OBJECT_CONVERSION = YES_AGGRESSIVE;
				CLANG_CXX_LANGUAGE_STANDARD = "gnu++20";
				CLANG_ENABLE_MODULES = YES;
				CLANG_ENABLE_OBJC_ARC = YES;
				CLANG_ENABLE_OBJC_WEAK = YES;
				CLANG_WARN_BLOCK_CAPTURE_AUTORELEASING = YES;
				CLANG_WARN_BOOL_CONVERSION = YES;
				CLANG_WARN_COMMA = YES;
				CLANG_WARN_CONSTANT_CONVERSION = YES;
				CLANG_WARN_DEPRECATED_OBJC_IMPLEMENTATIONS = YES;
				CLANG_WARN_DIRECT_OBJC_ISA_USAGE = YES_ERROR;
				CLANG_WARN_DOCUMENTATION_COMMENTS = YES;
				CLANG_WARN_EMPTY_BODY = YES;
				CLANG_WARN_ENUM_CONVERSION = YES;
				CLANG_WARN_INFINITE_RECURSION = YES;
				CLANG_WARN_INT_CONVERSION = YES;
				CLANG_WARN_NON_LITERAL_NULL_CONVERSION = YES;
				CLANG_WARN_OBJC_IMPLICIT_RETAIN_SELF = YES;
				CLANG_WARN_OBJC_LITERAL_CONVERSION = YES;
				CLANG_WARN_OBJC_ROOT_CLASS = YES_ERROR;
				CLANG_WARN_QUOTED_INCLUDE_IN_FRAMEWORK_HEADER = YES;
				CLANG_WARN_RANGE_LOOP_ANALYSIS = YES;
				CLANG_WARN_STRICT_PROTOTYPES = YES;
				CLANG_WARN_SUSPICIOUS_MOVE = YES;
				CLANG_WARN_UNGUARDED_AVAILABILITY = YES_AGGRESSIVE;
				CLANG_WARN_UNREACHABLE_CODE = YES;
				CLANG_WARN__DUPLICATE_METHOD_MATCH = YES;
				COPY_PHASE_STRIP = NO;
				DEBUG_INFORMATION_FORMAT = "dwarf-with-dsym";
				ENABLE_NS_ASSERTIONS = NO;
				ENABLE_STRICT_OBJC_MSGSEND = YES;
				ENABLE_USER_SCRIPT_SANDBOXING = YES;
				GCC_C_LANGUAGE_STANDARD = gnu17;
				GCC_NO_COMMON_BLOCKS = YES;
				GCC_WARN_64_TO_32_BIT_CONVERSION = YES;
				GCC_WARN_ABOUT_RETURN_TYPE = YES_ERROR;
				GCC_WARN_UNDECLARED_SELECTOR = YES;
				GCC_WARN_UNINITIALIZED_AUTOS = YES_AGGRESSIVE;
				GCC_WARN_UNUSED_FUNCTION = YES;
				GCC_WARN_UNUSED_VARIABLE = YES;
				IPHONEOS_DEPLOYMENT_TARGET = 17.5;
				LOCALIZATION_PREFERS_STRING_CATALOGS = YES;
				MTL_ENABLE_DEBUG_INFO = NO;
				MTL_FAST_MATH = YES;
				SDKROOT = iphoneos;
				SWIFT_COMPILATION_MODE = wholemodule;
				VALIDATE_PRODUCT = YES;
			};
			name = Release;
		};
		88AAFE3B2CA6EBBC008C1D9A /* Debug */ = {
			isa = XCBuildConfiguration;
			buildSettings = {
				ASSETCATALOG_COMPILER_APPICON_NAME = AppIcon;
				ASSETCATALOG_COMPILER_GLOBAL_ACCENT_COLOR_NAME = AccentColor;
				CODE_SIGN_STYLE = Automatic;
				CURRENT_PROJECT_VERSION = 1;
				DEVELOPMENT_ASSET_PATHS = "\"Final Grade Calculator/Preview Content\"";
				ENABLE_PREVIEWS = YES;
				GENERATE_INFOPLIST_FILE = YES;
				INFOPLIST_KEY_UIApplicationSceneManifest_Generation = YES;
				INFOPLIST_KEY_UIApplicationSupportsIndirectInputEvents = YES;
				INFOPLIST_KEY_UILaunchScreen_Generation = YES;
				INFOPLIST_KEY_UISupportedInterfaceOrientations_iPad = "UIInterfaceOrientationPortrait UIInterfaceOrientationPortraitUpsideDown UIInterfaceOrientationLandscapeLeft UIInterfaceOrientationLandscapeRight";
				INFOPLIST_KEY_UISupportedInterfaceOrientations_iPhone = "UIInterfaceOrientationPortrait UIInterfaceOrientationLandscapeLeft UIInterfaceOrientationLandscapeRight";
				LD_RUNPATH_SEARCH_PATHS = (
					"$(inherited)",
					"@executable_path/Frameworks",
				);
				MARKETING_VERSION = 1.0;
				PRODUCT_BUNDLE_IDENTIFIER = "benny.Final-Grade-Calculator";
				PRODUCT_NAME = "$(TARGET_NAME)";
				SWIFT_EMIT_LOC_STRINGS = YES;
				SWIFT_VERSION = 5.0;
				TARGETED_DEVICE_FAMILY = "1,2";
			};
			name = Debug;
		};
		88AAFE3C2CA6EBBC008C1D9A /* Release */ = {
			isa = XCBuildConfiguration;
			buildSettings = {
				ASSETCATALOG_COMPILER_APPICON_NAME = AppIcon;
				ASSETCATALOG_COMPILER_GLOBAL_ACCENT_COLOR_NAME = AccentColor;
				CODE_SIGN_STYLE = Automatic;
				CURRENT_PROJECT_VERSION = 1;
				DEVELOPMENT_ASSET_PATHS = "\"Final Grade Calculator/Preview Content\"";
				ENABLE_PREVIEWS = YES;
				GENERATE_INFOPLIST_FILE = YES;
				INFOPLIST_KEY_UIApplicationSceneManifest_Generation = YES;
				INFOPLIST_KEY_UIApplicationSupportsIndirectInputEvents = YES;
				INFOPLIST_KEY_UILaunchScreen_Generation = YES;
				INFOPLIST_KEY_UISupportedInterfaceOrientations_iPad = "UIInterfaceOrientationPortrait UIInterfaceOrientationPortraitUpsideDown UIInterfaceOrientationLandscapeLeft UIInterfaceOrientationLandscapeRight";
				INFOPLIST_KEY_UISupportedInterfaceOrientations_iPhone = "UIInterfaceOrientationPortrait UIInterfaceOrientationLandscapeLeft UIInterfaceOrientationLandscapeRight";
				LD_RUNPATH_SEARCH_PATHS = (
					"$(inherited)",
					"@executable_path/Frameworks",
				);
				MARKETING_VERSION = 1.0;
				PRODUCT_BUNDLE_IDENTIFIER = "benny.Final-Grade-Calculator";
				PRODUCT_NAME = "$(TARGET_NAME)";
				SWIFT_EMIT_LOC_STRINGS = YES;
				SWIFT_VERSION = 5.0;
				TARGETED_DEVICE_FAMILY = "1,2";
			};
			name = Release;
		};
		88AAFE3E2CA6EBBC008C1D9A /* Debug */ = {
			isa = XCBuildConfiguration;
			buildSettings = {
				ALWAYS_EMBED_SWIFT_STANDARD_LIBRARIES = YES;
				BUNDLE_LOADER = "$(TEST_HOST)";
				CODE_SIGN_STYLE = Automatic;
				CURRENT_PROJECT_VERSION = 1;
				GENERATE_INFOPLIST_FILE = YES;
				IPHONEOS_DEPLOYMENT_TARGET = 17.5;
				MARKETING_VERSION = 1.0;
				PRODUCT_BUNDLE_IDENTIFIER = "benny.Final-Grade-CalculatorTests";
				PRODUCT_NAME = "$(TARGET_NAME)";
				SWIFT_EMIT_LOC_STRINGS = NO;
				SWIFT_VERSION = 5.0;
				TARGETED_DEVICE_FAMILY = "1,2";
				TEST_HOST = "$(BUILT_PRODUCTS_DIR)/Final Grade Calculator.app/$(BUNDLE_EXECUTABLE_FOLDER_PATH)/Final Grade Calculator";
			};
			name = Debug;
		};
		88AAFE3F2CA6EBBC008C1D9A /* Release */ = {
			isa = XCBuildConfiguration;
			buildSettings = {
				ALWAYS_EMBED_SWIFT_STANDARD_LIBRARIES = YES;
				BUNDLE_LOADER = "$(TEST_HOST)";
				CODE_SIGN_STYLE = Automatic;
				CURRENT_PROJECT_VERSION = 1;
				GENERATE_INFOPLIST_FILE = YES;
				IPHONEOS_DEPLOYMENT_TARGET = 17.5;
				MARKETING_VERSION = 1.0;
				PRODUCT_BUNDLE_IDENTIFIER = "benny.Final-Grade-CalculatorTests";
				PRODUCT_NAME = "$(TARGET_NAME)";
				SWIFT_EMIT_LOC_STRINGS = NO;
				SWIFT_VERSION = 5.0;
				TARGETED_DEVICE_FAMILY = "1,2";
				TEST_HOST = "$(BUILT_PRODUCTS_DIR)/Final Grade Calculator.app/$(BUNDLE_EXECUTABLE_FOLDER_PATH)/Final Grade Calculator";
			};
			name = Release;
		};
		88AAFE412CA6EBBC008C1D9A /* Debug */ = {
			isa = XCBuildConfiguration;
			buildSettings = {
				ALWAYS_EMBED_SWIFT_STANDARD_LIBRARIES = YES;
				CODE_SIGN_STYLE = Automatic;
				CURRENT_PROJECT_VERSION = 1;
				GENERATE_INFOPLIST_FILE = YES;
				MARKETING_VERSION = 1.0;
				PRODUCT_BUNDLE_IDENTIFIER = "benny.Final-Grade-CalculatorUITests";
				PRODUCT_NAME = "$(TARGET_NAME)";
				SWIFT_EMIT_LOC_STRINGS = NO;
				SWIFT_VERSION = 5.0;
				TARGETED_DEVICE_FAMILY = "1,2";
				TEST_TARGET_NAME = "Final Grade Calculator";
			};
			name = Debug;
		};
		88AAFE422CA6EBBC008C1D9A /* Release */ = {
			isa = XCBuildConfiguration;
			buildSettings = {
				ALWAYS_EMBED_SWIFT_STANDARD_LIBRARIES = YES;
				CODE_SIGN_STYLE = Automatic;
				CURRENT_PROJECT_VERSION = 1;
				GENERATE_INFOPLIST_FILE = YES;
				MARKETING_VERSION = 1.0;
				PRODUCT_BUNDLE_IDENTIFIER = "benny.Final-Grade-CalculatorUITests";
				PRODUCT_NAME = "$(TARGET_NAME)";
				SWIFT_EMIT_LOC_STRINGS = NO;
				SWIFT_VERSION = 5.0;
				TARGETED_DEVICE_FAMILY = "1,2";
				TEST_TARGET_NAME = "Final Grade Calculator";
			};
			name = Release;
		};
/* End XCBuildConfiguration section */

/* Begin XCConfigurationList section */
		88AAFE112CA6EBB8008C1D9A /* Build configuration list for PBXProject "Final Grade Calculator" */ = {
			isa = XCConfigurationList;
			buildConfigurations = (
				88AAFE382CA6EBBC008C1D9A /* Debug */,
				88AAFE392CA6EBBC008C1D9A /* Release */,
			);
			defaultConfigurationIsVisible = 0;
			defaultConfigurationName = Release;
		};
		88AAFE3A2CA6EBBC008C1D9A /* Build configuration list for PBXNativeTarget "Final Grade Calculator" */ = {
			isa = XCConfigurationList;
			buildConfigurations = (
				88AAFE3B2CA6EBBC008C1D9A /* Debug */,
				88AAFE3C2CA6EBBC008C1D9A /* Release */,
			);
			defaultConfigurationIsVisible = 0;
			defaultConfigurationName = Release;
		};
		88AAFE3D2CA6EBBC008C1D9A /* Build configuration list for PBXNativeTarget "Final Grade CalculatorTests" */ = {
			isa = XCConfigurationList;
			buildConfigurations = (
				88AAFE3E2CA6EBBC008C1D9A /* Debug */,
				88AAFE3F2CA6EBBC008C1D9A /* Release */,
			);
			defaultConfigurationIsVisible = 0;
			defaultConfigurationName = Release;
		};
		88AAFE402CA6EBBC008C1D9A /* Build configuration list for PBXNativeTarget "Final Grade CalculatorUITests" */ = {
			isa = XCConfigurationList;
			buildConfigurations = (
				88AAFE412CA6EBBC008C1D9A /* Debug */,
				88AAFE422CA6EBBC008C1D9A /* Release */,
			);
			defaultConfigurationIsVisible = 0;
			defaultConfigurationName = Release;
		};
/* End XCConfigurationList section */
	};
	rootObject = 88AAFE0E2CA6EBB8008C1D9A /* Project object */;
}
